// !$*UTF8*$!
{
	archiveVersion = 1;
	classes = {
	};
	objectVersion = 50;
	objects = {

/* Begin PBXBuildFile section */
		195EF8A63009B31E5CBAF38D /* Pods_NumRecoDemo.framework in Frameworks */ = {isa = PBXBuildFile; fileRef = 62ACFC9E3720C2B61172D327 /* Pods_NumRecoDemo.framework */; };
		3870519B2510B3E8009519B8 /* SimpleTestViewController.swift in Sources */ = {isa = PBXBuildFile; fileRef = 3870519A2510B3E8009519B8 /* SimpleTestViewController.swift */; };
		3870519D2510B4EB009519B8 /* CamViewController.swift in Sources */ = {isa = PBXBuildFile; fileRef = 3870519C2510B4EB009519B8 /* CamViewController.swift */; };
		38BAFA9B250F7DD800DE8A1A /* AppDelegate.swift in Sources */ = {isa = PBXBuildFile; fileRef = 38BAFA9A250F7DD800DE8A1A /* AppDelegate.swift */; };
		38BAFA9D250F7DD800DE8A1A /* ViewController.swift in Sources */ = {isa = PBXBuildFile; fileRef = 38BAFA9C250F7DD800DE8A1A /* ViewController.swift */; };
		38BAFAA0250F7DD800DE8A1A /* Main.storyboard in Resources */ = {isa = PBXBuildFile; fileRef = 38BAFA9E250F7DD800DE8A1A /* Main.storyboard */; };
		38BAFAA2250F7DD800DE8A1A /* Assets.xcassets in Resources */ = {isa = PBXBuildFile; fileRef = 38BAFAA1250F7DD800DE8A1A /* Assets.xcassets */; };
		38BAFAA5250F7DD800DE8A1A /* LaunchScreen.storyboard in Resources */ = {isa = PBXBuildFile; fileRef = 38BAFAA3250F7DD800DE8A1A /* LaunchScreen.storyboard */; };
/* End PBXBuildFile section */

/* Begin PBXFileReference section */
		00D61F0E15D04B8A0768B6A8 /* Pods-NumRecoDemo.debug.xcconfig */ = {isa = PBXFileReference; includeInIndex = 1; lastKnownFileType = text.xcconfig; name = "Pods-NumRecoDemo.debug.xcconfig"; path = "Target Support Files/Pods-NumRecoDemo/Pods-NumRecoDemo.debug.xcconfig"; sourceTree = "<group>"; };
		3870519A2510B3E8009519B8 /* SimpleTestViewController.swift */ = {isa = PBXFileReference; lastKnownFileType = sourcecode.swift; path = SimpleTestViewController.swift; sourceTree = "<group>"; };
		3870519C2510B4EB009519B8 /* CamViewController.swift */ = {isa = PBXFileReference; lastKnownFileType = sourcecode.swift; path = CamViewController.swift; sourceTree = "<group>"; };
		38BAFA97250F7DD800DE8A1A /* NumRecoDemo.app */ = {isa = PBXFileReference; explicitFileType = wrapper.application; includeInIndex = 0; path = NumRecoDemo.app; sourceTree = BUILT_PRODUCTS_DIR; };
		38BAFA9A250F7DD800DE8A1A /* AppDelegate.swift */ = {isa = PBXFileReference; lastKnownFileType = sourcecode.swift; path = AppDelegate.swift; sourceTree = "<group>"; };
		38BAFA9C250F7DD800DE8A1A /* ViewController.swift */ = {isa = PBXFileReference; lastKnownFileType = sourcecode.swift; path = ViewController.swift; sourceTree = "<group>"; };
		38BAFA9F250F7DD800DE8A1A /* Base */ = {isa = PBXFileReference; lastKnownFileType = file.storyboard; name = Base; path = Base.lproj/Main.storyboard; sourceTree = "<group>"; };
		38BAFAA1250F7DD800DE8A1A /* Assets.xcassets */ = {isa = PBXFileReference; lastKnownFileType = folder.assetcatalog; path = Assets.xcassets; sourceTree = "<group>"; };
		38BAFAA4250F7DD800DE8A1A /* Base */ = {isa = PBXFileReference; lastKnownFileType = file.storyboard; name = Base; path = Base.lproj/LaunchScreen.storyboard; sourceTree = "<group>"; };
		38BAFAA6250F7DD800DE8A1A /* Info.plist */ = {isa = PBXFileReference; lastKnownFileType = text.plist.xml; path = Info.plist; sourceTree = "<group>"; };
		62ACFC9E3720C2B61172D327 /* Pods_NumRecoDemo.framework */ = {isa = PBXFileReference; explicitFileType = wrapper.framework; includeInIndex = 0; path = Pods_NumRecoDemo.framework; sourceTree = BUILT_PRODUCTS_DIR; };
		FCCB45DA7E50BF931E431B21 /* Pods-NumRecoDemo.release.xcconfig */ = {isa = PBXFileReference; includeInIndex = 1; lastKnownFileType = text.xcconfig; name = "Pods-NumRecoDemo.release.xcconfig"; path = "Target Support Files/Pods-NumRecoDemo/Pods-NumRecoDemo.release.xcconfig"; sourceTree = "<group>"; };
/* End PBXFileReference section */

/* Begin PBXFrameworksBuildPhase section */
		38BAFA94250F7DD800DE8A1A /* Frameworks */ = {
			isa = PBXFrameworksBuildPhase;
			buildActionMask = 2147483647;
			files = (
				195EF8A63009B31E5CBAF38D /* Pods_NumRecoDemo.framework in Frameworks */,
			);
			runOnlyForDeploymentPostprocessing = 0;
		};
/* End PBXFrameworksBuildPhase section */

/* Begin PBXGroup section */
		2240EE802CDC229B5CA45849 /* Frameworks */ = {
			isa = PBXGroup;
			children = (
				62ACFC9E3720C2B61172D327 /* Pods_NumRecoDemo.framework */,
			);
			name = Frameworks;
			sourceTree = "<group>";
		};
		38BAFA8E250F7DD800DE8A1A = {
			isa = PBXGroup;
			children = (
				38BAFA99250F7DD800DE8A1A /* NumRecoDemo */,
				38BAFA98250F7DD800DE8A1A /* Products */,
				53FE0D3DD8CE6252F94959CA /* Pods */,
				2240EE802CDC229B5CA45849 /* Frameworks */,
			);
			sourceTree = "<group>";
		};
		38BAFA98250F7DD800DE8A1A /* Products */ = {
			isa = PBXGroup;
			children = (
				38BAFA97250F7DD800DE8A1A /* NumRecoDemo.app */,
			);
			name = Products;
			sourceTree = "<group>";
		};
		38BAFA99250F7DD800DE8A1A /* NumRecoDemo */ = {
			isa = PBXGroup;
			children = (
				38BAFA9A250F7DD800DE8A1A /* AppDelegate.swift */,
				38BAFA9C250F7DD800DE8A1A /* ViewController.swift */,
				3870519C2510B4EB009519B8 /* CamViewController.swift */,
				3870519A2510B3E8009519B8 /* SimpleTestViewController.swift */,
				38BAFA9E250F7DD800DE8A1A /* Main.storyboard */,
				38BAFAA1250F7DD800DE8A1A /* Assets.xcassets */,
				38BAFAA3250F7DD800DE8A1A /* LaunchScreen.storyboard */,
				38BAFAA6250F7DD800DE8A1A /* Info.plist */,
			);
			path = NumRecoDemo;
			sourceTree = "<group>";
		};
		53FE0D3DD8CE6252F94959CA /* Pods */ = {
			isa = PBXGroup;
			children = (
				00D61F0E15D04B8A0768B6A8 /* Pods-NumRecoDemo.debug.xcconfig */,
				FCCB45DA7E50BF931E431B21 /* Pods-NumRecoDemo.release.xcconfig */,
			);
			path = Pods;
			sourceTree = "<group>";
		};
/* End PBXGroup section */

/* Begin PBXNativeTarget section */
		38BAFA96250F7DD800DE8A1A /* NumRecoDemo */ = {
			isa = PBXNativeTarget;
			buildConfigurationList = 38BAFAA9250F7DD800DE8A1A /* Build configuration list for PBXNativeTarget "NumRecoDemo" */;
			buildPhases = (
				2786479EA6A5A949BBB703AE /* [CP] Check Pods Manifest.lock */,
				38BAFA93250F7DD800DE8A1A /* Sources */,
				38BAFA94250F7DD800DE8A1A /* Frameworks */,
				38BAFA95250F7DD800DE8A1A /* Resources */,
				B41EEEC0508BF1C2A2D75A7C /* [CP] Embed Pods Frameworks */,
			);
			buildRules = (
			);
			dependencies = (
			);
			name = NumRecoDemo;
			productName = NumRecoDemo;
			productReference = 38BAFA97250F7DD800DE8A1A /* NumRecoDemo.app */;
			productType = "com.apple.product-type.application";
		};
/* End PBXNativeTarget section */

/* Begin PBXProject section */
		38BAFA8F250F7DD800DE8A1A /* Project object */ = {
			isa = PBXProject;
			attributes = {
				LastSwiftUpdateCheck = 0940;
				LastUpgradeCheck = 0940;
				ORGANIZATIONNAME = SCS;
				TargetAttributes = {
					38BAFA96250F7DD800DE8A1A = {
						CreatedOnToolsVersion = 9.4.1;
					};
				};
			};
			buildConfigurationList = 38BAFA92250F7DD800DE8A1A /* Build configuration list for PBXProject "NumRecoDemo" */;
			compatibilityVersion = "Xcode 9.3";
			developmentRegion = en;
			hasScannedForEncodings = 0;
			knownRegions = (
				en,
				Base,
			);
			mainGroup = 38BAFA8E250F7DD800DE8A1A;
			productRefGroup = 38BAFA98250F7DD800DE8A1A /* Products */;
			projectDirPath = "";
			projectRoot = "";
			targets = (
				38BAFA96250F7DD800DE8A1A /* NumRecoDemo */,
			);
		};
/* End PBXProject section */

/* Begin PBXResourcesBuildPhase section */
		38BAFA95250F7DD800DE8A1A /* Resources */ = {
			isa = PBXResourcesBuildPhase;
			buildActionMask = 2147483647;
			files = (
				38BAFAA5250F7DD800DE8A1A /* LaunchScreen.storyboard in Resources */,
				38BAFAA2250F7DD800DE8A1A /* Assets.xcassets in Resources */,
				38BAFAA0250F7DD800DE8A1A /* Main.storyboard in Resources */,
			);
			runOnlyForDeploymentPostprocessing = 0;
		};
/* End PBXResourcesBuildPhase section */

/* Begin PBXShellScriptBuildPhase section */
		2786479EA6A5A949BBB703AE /* [CP] Check Pods Manifest.lock */ = {
			isa = PBXShellScriptBuildPhase;
			buildActionMask = 2147483647;
			files = (
			);
			inputPaths = (
				"${PODS_PODFILE_DIR_PATH}/Podfile.lock",
				"${PODS_ROOT}/Manifest.lock",
			);
			name = "[CP] Check Pods Manifest.lock";
			outputPaths = (
				"$(DERIVED_FILE_DIR)/Pods-NumRecoDemo-checkManifestLockResult.txt",
			);
			runOnlyForDeploymentPostprocessing = 0;
			shellPath = /bin/sh;
			shellScript = "diff \"${PODS_PODFILE_DIR_PATH}/Podfile.lock\" \"${PODS_ROOT}/Manifest.lock\" > /dev/null\nif [ $? != 0 ] ; then\n    # print error to STDERR\n    echo \"error: The sandbox is not in sync with the Podfile.lock. Run 'pod install' or update your CocoaPods installation.\" >&2\n    exit 1\nfi\n# This output is used by Xcode 'outputs' to avoid re-running this script phase.\necho \"SUCCESS\" > \"${SCRIPT_OUTPUT_FILE_0}\"\n";
			showEnvVarsInLog = 0;
		};
		B41EEEC0508BF1C2A2D75A7C /* [CP] Embed Pods Frameworks */ = {
			isa = PBXShellScriptBuildPhase;
			buildActionMask = 2147483647;
			files = (
			);
			name = "[CP] Embed Pods Frameworks";
			runOnlyForDeploymentPostprocessing = 0;
			shellPath = /bin/sh;
			shellScript = "\"${PODS_ROOT}/Target Support Files/Pods-NumRecoDemo/Pods-NumRecoDemo-frameworks.sh\"\n";
			showEnvVarsInLog = 0;
		};
/* End PBXShellScriptBuildPhase section */

/* Begin PBXSourcesBuildPhase section */
		38BAFA93250F7DD800DE8A1A /* Sources */ = {
			isa = PBXSourcesBuildPhase;
			buildActionMask = 2147483647;
			files = (
				38BAFA9D250F7DD800DE8A1A /* ViewController.swift in Sources */,
				3870519B2510B3E8009519B8 /* SimpleTestViewController.swift in Sources */,
				3870519D2510B4EB009519B8 /* CamViewController.swift in Sources */,
				38BAFA9B250F7DD800DE8A1A /* AppDelegate.swift in Sources */,
			);
			runOnlyForDeploymentPostprocessing = 0;
		};
/* End PBXSourcesBuildPhase section */

/* Begin PBXVariantGroup section */
		38BAFA9E250F7DD800DE8A1A /* Main.storyboard */ = {
			isa = PBXVariantGroup;
			children = (
				38BAFA9F250F7DD800DE8A1A /* Base */,
			);
			name = Main.storyboard;
			sourceTree = "<group>";
		};
		38BAFAA3250F7DD800DE8A1A /* LaunchScreen.storyboard */ = {
			isa = PBXVariantGroup;
			children = (
				38BAFAA4250F7DD800DE8A1A /* Base */,
			);
			name = LaunchScreen.storyboard;
			sourceTree = "<group>";
		};
/* End PBXVariantGroup section */

/* Begin XCBuildConfiguration section */
		38BAFAA7250F7DD800DE8A1A /* Debug */ = {
			isa = XCBuildConfiguration;
			buildSettings = {
				ALWAYS_SEARCH_USER_PATHS = NO;
				CLANG_ANALYZER_NONNULL = YES;
				CLANG_ANALYZER_NUMBER_OBJECT_CONVERSION = YES_AGGRESSIVE;
				CLANG_CXX_LANGUAGE_STANDARD = "gnu++14";
				CLANG_CXX_LIBRARY = "libc++";
				CLANG_ENABLE_MODULES = YES;
				CLANG_ENABLE_OBJC_ARC = YES;
				CLANG_ENABLE_OBJC_WEAK = YES;
				CLANG_WARN_BLOCK_CAPTURE_AUTORELEASING = YES;
				CLANG_WARN_BOOL_CONVERSION = YES;
				CLANG_WARN_COMMA = YES;
				CLANG_WARN_CONSTANT_CONVERSION = YES;
				CLANG_WARN_DEPRECATED_OBJC_IMPLEMENTATIONS = YES;
				CLANG_WARN_DIRECT_OBJC_ISA_USAGE = YES_ERROR;
				CLANG_WARN_DOCUMENTATION_COMMENTS = YES;
				CLANG_WARN_EMPTY_BODY = YES;
				CLANG_WARN_ENUM_CONVERSION = YES;
				CLANG_WARN_INFINITE_RECURSION = YES;
				CLANG_WARN_INT_CONVERSION = YES;
				CLANG_WARN_NON_LITERAL_NULL_CONVERSION = YES;
				CLANG_WARN_OBJC_IMPLICIT_RETAIN_SELF = YES;
				CLANG_WARN_OBJC_LITERAL_CONVERSION = YES;
				CLANG_WARN_OBJC_ROOT_CLASS = YES_ERROR;
				CLANG_WARN_RANGE_LOOP_ANALYSIS = YES;
				CLANG_WARN_STRICT_PROTOTYPES = YES;
				CLANG_WARN_SUSPICIOUS_MOVE = YES;
				CLANG_WARN_UNGUARDED_AVAILABILITY = YES_AGGRESSIVE;
				CLANG_WARN_UNREACHABLE_CODE = YES;
				CLANG_WARN__DUPLICATE_METHOD_MATCH = YES;
				CODE_SIGN_IDENTITY = "iPhone Developer";
				COPY_PHASE_STRIP = NO;
				DEBUG_INFORMATION_FORMAT = dwarf;
				ENABLE_STRICT_OBJC_MSGSEND = YES;
				ENABLE_TESTABILITY = YES;
				GCC_C_LANGUAGE_STANDARD = gnu11;
				GCC_DYNAMIC_NO_PIC = NO;
				GCC_NO_COMMON_BLOCKS = YES;
				GCC_OPTIMIZATION_LEVEL = 0;
				GCC_PREPROCESSOR_DEFINITIONS = (
					"DEBUG=1",
					"$(inherited)",
				);
				GCC_WARN_64_TO_32_BIT_CONVERSION = YES;
				GCC_WARN_ABOUT_RETURN_TYPE = YES_ERROR;
				GCC_WARN_UNDECLARED_SELECTOR = YES;
				GCC_WARN_UNINITIALIZED_AUTOS = YES_AGGRESSIVE;
				GCC_WARN_UNUSED_FUNCTION = YES;
				GCC_WARN_UNUSED_VARIABLE = YES;
				IPHONEOS_DEPLOYMENT_TARGET = 12.4.2;
				MTL_ENABLE_DEBUG_INFO = YES;
				ONLY_ACTIVE_ARCH = YES;
				SDKROOT = iphoneos;
				SWIFT_ACTIVE_COMPILATION_CONDITIONS = DEBUG;
				SWIFT_OPTIMIZATION_LEVEL = "-Onone";
			};
			name = Debug;
		};
		38BAFAA8250F7DD800DE8A1A /* Release */ = {
			isa = XCBuildConfiguration;
			buildSettings = {
				ALWAYS_SEARCH_USER_PATHS = NO;
				CLANG_ANALYZER_NONNULL = YES;
				CLANG_ANALYZER_NUMBER_OBJECT_CONVERSION = YES_AGGRESSIVE;
				CLANG_CXX_LANGUAGE_STANDARD = "gnu++14";
				CLANG_CXX_LIBRARY = "libc++";
				CLANG_ENABLE_MODULES = YES;
				CLANG_ENABLE_OBJC_ARC = YES;
				CLANG_ENABLE_OBJC_WEAK = YES;
				CLANG_WARN_BLOCK_CAPTURE_AUTORELEASING = YES;
				CLANG_WARN_BOOL_CONVERSION = YES;
				CLANG_WARN_COMMA = YES;
				CLANG_WARN_CONSTANT_CONVERSION = YES;
				CLANG_WARN_DEPRECATED_OBJC_IMPLEMENTATIONS = YES;
				CLANG_WARN_DIRECT_OBJC_ISA_USAGE = YES_ERROR;
				CLANG_WARN_DOCUMENTATION_COMMENTS = YES;
				CLANG_WARN_EMPTY_BODY = YES;
				CLANG_WARN_ENUM_CONVERSION = YES;
				CLANG_WARN_INFINITE_RECURSION = YES;
				CLANG_WARN_INT_CONVERSION = YES;
				CLANG_WARN_NON_LITERAL_NULL_CONVERSION = YES;
				CLANG_WARN_OBJC_IMPLICIT_RETAIN_SELF = YES;
				CLANG_WARN_OBJC_LITERAL_CONVERSION = YES;
				CLANG_WARN_OBJC_ROOT_CLASS = YES_ERROR;
				CLANG_WARN_RANGE_LOOP_ANALYSIS = YES;
				CLANG_WARN_STRICT_PROTOTYPES = YES;
				CLANG_WARN_SUSPICIOUS_MOVE = YES;
				CLANG_WARN_UNGUARDED_AVAILABILITY = YES_AGGRESSIVE;
				CLANG_WARN_UNREACHABLE_CODE = YES;
				CLANG_WARN__DUPLICATE_METHOD_MATCH = YES;
				CODE_SIGN_IDENTITY = "iPhone Developer";
				COPY_PHASE_STRIP = NO;
				DEBUG_INFORMATION_FORMAT = "dwarf-with-dsym";
				ENABLE_NS_ASSERTIONS = NO;
				ENABLE_STRICT_OBJC_MSGSEND = YES;
				GCC_C_LANGUAGE_STANDARD = gnu11;
				GCC_NO_COMMON_BLOCKS = YES;
				GCC_WARN_64_TO_32_BIT_CONVERSION = YES;
				GCC_WARN_ABOUT_RETURN_TYPE = YES_ERROR;
				GCC_WARN_UNDECLARED_SELECTOR = YES;
				GCC_WARN_UNINITIALIZED_AUTOS = YES_AGGRESSIVE;
				GCC_WARN_UNUSED_FUNCTION = YES;
				GCC_WARN_UNUSED_VARIABLE = YES;
				IPHONEOS_DEPLOYMENT_TARGET = 12.4.2;
				MTL_ENABLE_DEBUG_INFO = NO;
				SDKROOT = iphoneos;
				SWIFT_COMPILATION_MODE = wholemodule;
				SWIFT_OPTIMIZATION_LEVEL = "-O";
				VALIDATE_PRODUCT = YES;
			};
			name = Release;
		};
		38BAFAAA250F7DD800DE8A1A /* Debug */ = {
			isa = XCBuildConfiguration;
			baseConfigurationReference = 00D61F0E15D04B8A0768B6A8 /* Pods-NumRecoDemo.debug.xcconfig */;
			buildSettings = {
				ASSETCATALOG_COMPILER_APPICON_NAME = AppIcon;
				CODE_SIGN_STYLE = Automatic;
				DEVELOPMENT_TEAM = A55V29EX84;
				INFOPLIST_FILE = NumRecoDemo/Info.plist;
				IPHONEOS_DEPLOYMENT_TARGET = 10.0;
				LD_RUNPATH_SEARCH_PATHS = (
					"$(inherited)",
					"@executable_path/Frameworks",
				);
				PRODUCT_BUNDLE_IDENTIFIER = com.cts.NumRecoDemo;
				PRODUCT_NAME = "$(TARGET_NAME)";
				SWIFT_VERSION = 4.0;
				TARGETED_DEVICE_FAMILY = "1,2";
			};
			name = Debug;
		};
		38BAFAAB250F7DD800DE8A1A /* Release */ = {
			isa = XCBuildConfiguration;
			baseConfigurationReference = FCCB45DA7E50BF931E431B21 /* Pods-NumRecoDemo.release.xcconfig */;
			buildSettings = {
				ASSETCATALOG_COMPILER_APPICON_NAME = AppIcon;
				CODE_SIGN_STYLE = Automatic;
				DEVELOPMENT_TEAM = A55V29EX84;
				INFOPLIST_FILE = NumRecoDemo/Info.plist;
				IPHONEOS_DEPLOYMENT_TARGET = 10.0;
				LD_RUNPATH_SEARCH_PATHS = (
					"$(inherited)",
					"@executable_path/Frameworks",
				);
				PRODUCT_BUNDLE_IDENTIFIER = com.cts.NumRecoDemo;
				PRODUCT_NAME = "$(TARGET_NAME)";
				SWIFT_VERSION = 4.0;
				TARGETED_DEVICE_FAMILY = "1,2";
			};
			name = Release;
		};
/* End XCBuildConfiguration section */

/* Begin XCConfigurationList section */
		38BAFA92250F7DD800DE8A1A /* Build configuration list for PBXProject "NumRecoDemo" */ = {
			isa = XCConfigurationList;
			buildConfigurations = (
				38BAFAA7250F7DD800DE8A1A /* Debug */,
				38BAFAA8250F7DD800DE8A1A /* Release */,
			);
			defaultConfigurationIsVisible = 0;
			defaultConfigurationName = Release;
		};
		38BAFAA9250F7DD800DE8A1A /* Build configuration list for PBXNativeTarget "NumRecoDemo" */ = {
			isa = XCConfigurationList;
			buildConfigurations = (
				38BAFAAA250F7DD800DE8A1A /* Debug */,
				38BAFAAB250F7DD800DE8A1A /* Release */,
			);
			defaultConfigurationIsVisible = 0;
			defaultConfigurationName = Release;
		};
/* End XCConfigurationList section */
	};
	rootObject = 38BAFA8F250F7DD800DE8A1A /* Project object */;
}
